<?xml version="1.0" encoding="utf-8"?>
<Project ToolsVersion="4.0" xmlns="http://schemas.microsoft.com/developer/msbuild/2003">
  <ItemGroup>
    <Filter Include="Source Files">
      <UniqueIdentifier>{4FC737F1-C7A5-4376-A066-2A32D752A2FF}</UniqueIdentifier>
      <Extensions>cpp;c;cc;cxx;def;odl;idl;hpj;bat;asm;asmx</Extensions>
    </Filter>
    <Filter Include="Header Files">
      <UniqueIdentifier>{93995380-89BD-4b04-88EB-625FBE52EBFB}</UniqueIdentifier>
      <Extensions>h;hh;hpp;hxx;hm;inl;inc;xsd</Extensions>
    </Filter>
    <Filter Include="Resource Files">
      <UniqueIdentifier>{67DA6AB6-F800-4c08-8B7A-83BB121AAD01}</UniqueIdentifier>
      <Extensions>rc;ico;cur;bmp;dlg;rc2;rct;bin;rgs;gif;jpg;jpeg;jpe;resx;tiff;tif;png;wav;mfcribbon-ms</Extensions>
    </Filter>
    <Filter Include="Header Files\Components">
      <UniqueIdentifier>{3a91bd5e-2ce9-4dd1-864d-83a86a5cca9c}</UniqueIdentifier>
    </Filter>
    <Filter Include="Header Files\Model Management">
      <UniqueIdentifier>{c7a76443-5f00-4bda-b346-f3fa67e5f322}</UniqueIdentifier>
    </Filter>
    <Filter Include="Source Files\Model Management">
      <UniqueIdentifier>{b6236ff1-65b7-4694-b0db-2d4406cb3e5d}</UniqueIdentifier>
    </Filter>
    <Filter Include="Source Files\GameObjects">
      <UniqueIdentifier>{d3b17ff9-04c4-44ff-bc85-6f4130547a01}</UniqueIdentifier>
    </Filter>
    <Filter Include="Header Files\Game Objects">
      <UniqueIdentifier>{f5646f1f-3648-4c5e-ba02-73d43980dde3}</UniqueIdentifier>
    </Filter>
    <Filter Include="Header Files\Game Manager">
      <UniqueIdentifier>{7996a2a5-39fd-4e21-a4e3-3a5eb70700de}</UniqueIdentifier>
    </Filter>
    <Filter Include="Source Files\Game Manager">
      <UniqueIdentifier>{84f42c8e-7f6b-4a41-b974-2e5d7ecd0ebb}</UniqueIdentifier>
    </Filter>
    <Filter Include="DataFiles">
      <UniqueIdentifier>{4408440a-5fa9-4e8d-90e9-089b078b468f}</UniqueIdentifier>
    </Filter>
    <Filter Include="Source Files\ImGui">
      <UniqueIdentifier>{97e243af-f5a0-42ad-badf-3538543ec12d}</UniqueIdentifier>
    </Filter>
    <Filter Include="Header Files\ImGui">
      <UniqueIdentifier>{2685643f-d4e0-452a-bcb7-d4e847060ceb}</UniqueIdentifier>
    </Filter>
  </ItemGroup>
  <ItemGroup>
    <ClCompile Include="main.cpp">
      <Filter>Source Files</Filter>
    </ClCompile>
    <ClCompile Include="Model.cpp">
      <Filter>Source Files\Model Management</Filter>
    </ClCompile>
    <ClCompile Include="ModelManager.cpp">
      <Filter>Source Files\Model Management</Filter>
    </ClCompile>
    <ClCompile Include="player.cpp">
      <Filter>Source Files\GameObjects</Filter>
    </ClCompile>
    <ClCompile Include="GLFW_EngineCore.cpp">
      <Filter>Source Files\Game Manager</Filter>
    </ClCompile>
    <ClCompile Include="MyGame.cpp">
      <Filter>Source Files\Game Manager</Filter>
    </ClCompile>
    <ClCompile Include="stb_image.c">
      <Filter>Resource Files</Filter>
    </ClCompile>
    <ClCompile Include="jsoncpp.cpp">
      <Filter>Resource Files</Filter>
    </ClCompile>
    <ClCompile Include="GLAD\glad.c">
      <Filter>Resource Files</Filter>
    </ClCompile>
    <ClCompile Include="Mesh.cpp">
      <Filter>Source Files\Model Management</Filter>
    </ClCompile>
    <ClCompile Include="StaticGameObject.cpp">
      <Filter>Source Files\GameObjects</Filter>
    </ClCompile>
    <ClCompile Include="DynamicGameObject.cpp">
      <Filter>Source Files\GameObjects</Filter>
    </ClCompile>
    <ClCompile Include="..\include\imgui\imgui-master\imgui.cpp">
      <Filter>Source Files\ImGui</Filter>
    </ClCompile>
    <ClCompile Include="..\include\imgui\imgui-master\imgui_demo.cpp">
      <Filter>Source Files\ImGui</Filter>
    </ClCompile>
    <ClCompile Include="..\include\imgui\imgui-master\imgui_draw.cpp">
      <Filter>Source Files\ImGui</Filter>
    </ClCompile>
    <ClCompile Include="..\include\imgui\imgui-master\imgui_impl_glfw_gl3.cpp">
      <Filter>Source Files\ImGui</Filter>
    </ClCompile>
  </ItemGroup>
  <ItemGroup>
    <ClInclude Include="Component.h">
      <Filter>Header Files\Components</Filter>
    </ClInclude>
    <ClInclude Include="ColourComponent.h">
      <Filter>Header Files\Components</Filter>
    </ClInclude>
    <ClInclude Include="TransformComponent.h">
      <Filter>Header Files\Components</Filter>
    </ClInclude>
    <ClInclude Include="ModelComponent.h">
      <Filter>Header Files\Components</Filter>
    </ClInclude>
    <ClInclude Include="ModelManager.h">
      <Filter>Header Files\Model Management</Filter>
    </ClInclude>
    <ClInclude Include="Model.h">
      <Filter>Header Files\Model Management</Filter>
    </ClInclude>
    <ClInclude Include="CameraComponent.h">
      <Filter>Header Files\Components</Filter>
    </ClInclude>
    <ClInclude Include="GameObject.h">
      <Filter>Header Files\Game Objects</Filter>
    </ClInclude>
    <ClInclude Include="Player.h">
      <Filter>Header Files\Game Objects</Filter>
    </ClInclude>
    <ClInclude Include="Game.h">
      <Filter>Header Files\Game Manager</Filter>
    </ClInclude>
    <ClInclude Include="GLFW_EngineCore.h">
      <Filter>Header Files\Game Manager</Filter>
    </ClInclude>
    <ClInclude Include="IEngineCore.h">
      <Filter>Header Files\Game Manager</Filter>
    </ClInclude>
    <ClInclude Include="Mesh.h">
      <Filter>Header Files\Model Management</Filter>
    </ClInclude>
    <ClInclude Include="StaticGameObject.h">
      <Filter>Header Files\Game Objects</Filter>
    </ClInclude>
    <ClInclude Include="MyGame.h">
      <Filter>Header Files\Game Manager</Filter>
    </ClInclude>
    <ClInclude Include="SceneComponent.h">
      <Filter>Header Files\Components</Filter>
    </ClInclude>
    <ClInclude Include="DynamicGameObject.h">
      <Filter>Header Files\Game Objects</Filter>
    </ClInclude>
    <ClInclude Include="InputHandler.h">
      <Filter>Header Files\Game Manager</Filter>
    </ClInclude>
    <ClInclude Include="..\include\imgui\imgui-master\imconfig.h">
      <Filter>Header Files\ImGui</Filter>
    </ClInclude>
    <ClInclude Include="..\include\imgui\imgui-master\imgui.h">
      <Filter>Header Files\ImGui</Filter>
    </ClInclude>
    <ClInclude Include="..\include\imgui\imgui-master\imgui_impl_glfw_gl3.h">
      <Filter>Header Files\ImGui</Filter>
    </ClInclude>
    <ClInclude Include="..\include\imgui\imgui-master\imgui_internal.h">
      <Filter>Header Files\ImGui</Filter>
    </ClInclude>
    <ClInclude Include="..\include\imgui\imgui-master\stb_rect_pack.h">
      <Filter>Header Files\ImGui</Filter>
    </ClInclude>
    <ClInclude Include="..\include\imgui\imgui-master\stb_textedit.h">
      <Filter>Header Files\ImGui</Filter>
    </ClInclude>
    <ClInclude Include="..\include\imgui\imgui-master\stb_truetype.h">
      <Filter>Header Files\ImGui</Filter>
    </ClInclude>
  </ItemGroup>
  <ItemGroup>
    <None Include="assets\levels\levelList.json">
      <Filter>DataFiles</Filter>
    </None>
    <None Include="assets\levels\level1.json">
      <Filter>DataFiles</Filter>
    </None>
    <None Include="assets\levels\level2.json">
      <Filter>DataFiles</Filter>
    </None>
    <None Include="assets\levels\level3.json">
      <Filter>DataFiles</Filter>
    </None>
  </ItemGroup>
</Project>