<?xml version="1.0" encoding="utf-8"?>
<Project ToolsVersion="4.0" xmlns="http://schemas.microsoft.com/developer/msbuild/2003">
  <ItemGroup>
    <ClCompile Include="main.cpp" />
    <ClCompile Include="GLAD\glad.c">
      <Filter>Resource Files</Filter>
    </ClCompile>
    <ClCompile Include="jsoncpp.cpp">
      <Filter>Resource Files</Filter>
    </ClCompile>
    <ClCompile Include="stb_image.c">
      <Filter>Resource Files</Filter>
    </ClCompile>
    <ClCompile Include="AIPlayer.cpp">
      <Filter>Source Files\Game Objects</Filter>
    </ClCompile>
    <ClCompile Include="DynamicGameObject.cpp">
      <Filter>Source Files\Game Objects</Filter>
    </ClCompile>
    <ClCompile Include="player.cpp">
      <Filter>Source Files\Game Objects</Filter>
    </ClCompile>
    <ClCompile Include="StaticGameObject.cpp">
      <Filter>Source Files\Game Objects</Filter>
    </ClCompile>
    <ClCompile Include="GLFW_EngineCore.cpp">
      <Filter>Source Files\Game Manager</Filter>
    </ClCompile>
    <ClCompile Include="MyGame.cpp">
      <Filter>Source Files\Game Manager</Filter>
    </ClCompile>
    <ClCompile Include="Mesh.cpp">
      <Filter>Source Files\Model Management</Filter>
    </ClCompile>
    <ClCompile Include="Model.cpp">
      <Filter>Source Files\Model Management</Filter>
    </ClCompile>
    <ClCompile Include="ModelManager.cpp">
      <Filter>Source Files\Model Management</Filter>
    </ClCompile>
    <ClCompile Include="ParticleSystemRenderer.cpp">
      <Filter>Source Files</Filter>
    </ClCompile>
    <ClCompile Include="Physics.cpp">
      <Filter>Source Files\Physics</Filter>
    </ClCompile>
    <ClCompile Include="IrrKlang.cpp">
      <Filter>Source Files\Game Manager</Filter>
    </ClCompile>
  </ItemGroup>
  <ItemGroup>
    <ClInclude Include="MyGame.h">
      <Filter>Header Files</Filter>
    </ClInclude>
    <ClInclude Include="AIComponent.h">
      <Filter>Header Files\Components</Filter>
    </ClInclude>
    <ClInclude Include="CameraComponent.h">
      <Filter>Header Files\Components</Filter>
    </ClInclude>
    <ClInclude Include="ColourComponent.h">
      <Filter>Header Files\Components</Filter>
    </ClInclude>
    <ClInclude Include="Component.h">
      <Filter>Header Files\Components</Filter>
    </ClInclude>
    <ClInclude Include="ModelComponent.h">
      <Filter>Header Files\Components</Filter>
    </ClInclude>
    <ClInclude Include="SceneComponent.h">
      <Filter>Header Files\Components</Filter>
    </ClInclude>
    <ClInclude Include="TransformComponent.h">
      <Filter>Header Files\Components</Filter>
    </ClInclude>
    <ClInclude Include="Game.h">
      <Filter>Header Files\Game Manager</Filter>
    </ClInclude>
    <ClInclude Include="GLFW_EngineCore.h">
      <Filter>Header Files\Game Manager</Filter>
    </ClInclude>
    <ClInclude Include="IEngineCore.h">
      <Filter>Header Files\Game Manager</Filter>
    </ClInclude>
    <ClInclude Include="InputHandler.h">
      <Filter>Header Files\Game Manager</Filter>
    </ClInclude>
    <ClInclude Include="DynamicGameObject.h">
      <Filter>Header Files\Game Objects</Filter>
    </ClInclude>
    <ClInclude Include="GameObject.h">
      <Filter>Header Files\Game Objects</Filter>
    </ClInclude>
    <ClInclude Include="Player.h">
      <Filter>Header Files\Game Objects</Filter>
    </ClInclude>
    <ClInclude Include="AIPlayer.h">
      <Filter>Header Files\Game Objects</Filter>
    </ClInclude>
    <ClInclude Include="StaticGameObject.h">
      <Filter>Header Files\Game Objects</Filter>
    </ClInclude>
    <ClInclude Include="Mesh.h">
      <Filter>Header Files\Model Management</Filter>
    </ClInclude>
    <ClInclude Include="Model.h">
      <Filter>Header Files\Model Management</Filter>
    </ClInclude>
    <ClInclude Include="ModelManager.h">
      <Filter>Header Files\Model Management</Filter>
    </ClInclude>
    <ClInclude Include="Behaviours.h">
      <Filter>Header Files\AI</Filter>
    </ClInclude>
    <ClInclude Include="Nodes.h">
      <Filter>Header Files\AI</Filter>
    </ClInclude>
    <ClInclude Include="Pathfinding.h">
      <Filter>Header Files\AI</Filter>
    </ClInclude>
    <ClInclude Include="AIStructs.h">
      <Filter>Header Files\AI</Filter>
    </ClInclude>
    <ClInclude Include="ParticleComponent.h">
      <Filter>Header Files\Components</Filter>
    </ClInclude>
    <ClInclude Include="ParticleSystemRenderer.h">
      <Filter>Header Files\Components</Filter>
    </ClInclude>
    <ClInclude Include="Physics.h">
      <Filter>Header Files\Physics</Filter>
    </ClInclude>
    <ClInclude Include="PhysicsComponent.h">
      <Filter>Header Files\Components</Filter>
    </ClInclude>
    <ClInclude Include="fmod_errors.h">
      <Filter>Header Files\Game Manager</Filter>
    </ClInclude>
    <ClInclude Include="irrKlang.h">
      <Filter>Header Files\Sound Headers</Filter>
    </ClInclude>
    <ClInclude Include="ik_ESoundEngineOptions.h">
      <Filter>Header Files\Sound Headers</Filter>
    </ClInclude>
    <ClInclude Include="ik_ESoundOutputDrivers.h">
      <Filter>Header Files\Sound Headers</Filter>
    </ClInclude>
    <ClInclude Include="ik_EStreamModes.h">
      <Filter>Header Files\Sound Headers</Filter>
    </ClInclude>
    <ClInclude Include="ik_IAudioRecorder.h">
      <Filter>Header Files\Sound Headers</Filter>
    </ClInclude>
    <ClInclude Include="ik_IAudioStream.h">
      <Filter>Header Files\Sound Headers</Filter>
    </ClInclude>
    <ClInclude Include="ik_IAudioStreamLoader.h">
      <Filter>Header Files\Sound Headers</Filter>
    </ClInclude>
    <ClInclude Include="ik_IFileFactory.h">
      <Filter>Header Files\Sound Headers</Filter>
    </ClInclude>
    <ClInclude Include="ik_IFileReader.h">
      <Filter>Header Files\Sound Headers</Filter>
    </ClInclude>
    <ClInclude Include="ik_IRefCounted.h">
      <Filter>Header Files\Sound Headers</Filter>
    </ClInclude>
    <ClInclude Include="ik_irrKlangTypes.h">
      <Filter>Header Files\Sound Headers</Filter>
    </ClInclude>
    <ClInclude Include="ik_ISound.h">
      <Filter>Header Files\Sound Headers</Filter>
    </ClInclude>
    <ClInclude Include="ik_ISoundDeviceList.h">
      <Filter>Header Files\Sound Headers</Filter>
    </ClInclude>
    <ClInclude Include="ik_ISoundEffectControl.h">
      <Filter>Header Files\Sound Headers</Filter>
    </ClInclude>
    <ClInclude Include="ik_ISoundEngine.h">
      <Filter>Header Files\Sound Headers</Filter>
    </ClInclude>
    <ClInclude Include="ik_ISoundMixedOutputReceiver.h">
      <Filter>Header Files\Sound Headers</Filter>
    </ClInclude>
    <ClInclude Include="ik_ISoundSource.h">
      <Filter>Header Files\Sound Headers</Filter>
    </ClInclude>
    <ClInclude Include="ik_ISoundStopEventReceiver.h">
      <Filter>Header Files\Sound Headers</Filter>
    </ClInclude>
    <ClInclude Include="ik_IVirtualRefCounted.h">
      <Filter>Header Files\Sound Headers</Filter>
    </ClInclude>
    <ClInclude Include="ik_SAudioStreamFormat.h">
      <Filter>Header Files\Sound Headers</Filter>
    </ClInclude>
    <ClInclude Include="ik_vec3d.h">
      <Filter>Header Files\Sound Headers</Filter>
    </ClInclude>
    <ClInclude Include="Teabag.h">
      <Filter>Header Files\Game Objects</Filter>
    </ClInclude>
  </ItemGroup>
  <ItemGroup>
    <None Include="assets\levels\level1.json">
      <Filter>Data Files</Filter>
    </None>
    <None Include="assets\levels\level2.json">
      <Filter>Data Files</Filter>
    </None>
    <None Include="assets\levels\level3.json">
      <Filter>Data Files</Filter>
    </None>
    <None Include="assets\levels\levelList.json">
      <Filter>Data Files</Filter>
    </None>
  </ItemGroup>
  <ItemGroup>
    <Filter Include="Header Files">
      <UniqueIdentifier>{7ee837ad-66c3-417a-a9cc-27f8dfb30232}</UniqueIdentifier>
    </Filter>
    <Filter Include="Data Files">
      <UniqueIdentifier>{bde08620-0d04-4c2a-9069-47ce95f76f1f}</UniqueIdentifier>
    </Filter>
    <Filter Include="Source Files">
      <UniqueIdentifier>{d42a7384-91e7-4721-b243-ebfc878b9260}</UniqueIdentifier>
    </Filter>
    <Filter Include="Resource Files">
      <UniqueIdentifier>{4ed58aa7-9b9c-43f4-b124-b1817972b142}</UniqueIdentifier>
    </Filter>
    <Filter Include="Header Files\Components">
      <UniqueIdentifier>{ca32a801-6c06-403b-bda1-57252435be03}</UniqueIdentifier>
    </Filter>
    <Filter Include="Header Files\Game Manager">
      <UniqueIdentifier>{4ac5109e-bdeb-4722-8e6c-beaf6297fe93}</UniqueIdentifier>
    </Filter>
    <Filter Include="Header Files\Game Objects">
      <UniqueIdentifier>{e605f82c-6e4f-4ff3-99e3-8bd6214619b0}</UniqueIdentifier>
    </Filter>
    <Filter Include="Header Files\Model Management">
      <UniqueIdentifier>{31dfa28d-4f55-401e-aa5b-57b9111c56ec}</UniqueIdentifier>
    </Filter>
    <Filter Include="Header Files\AI">
      <UniqueIdentifier>{de5cc6ce-9d9c-4700-961f-83020a2547b9}</UniqueIdentifier>
    </Filter>
    <Filter Include="Source Files\Game Manager">
      <UniqueIdentifier>{c4352306-439e-423a-9d5d-a7ca3dbcbefc}</UniqueIdentifier>
    </Filter>
    <Filter Include="Source Files\Game Objects">
      <UniqueIdentifier>{8cdcfa71-5b92-4a92-a764-c5edc94303c2}</UniqueIdentifier>
    </Filter>
    <Filter Include="Source Files\Model Management">
      <UniqueIdentifier>{f4e7d51b-3ebe-494c-9b9e-73985e2337d7}</UniqueIdentifier>
    </Filter>
    <Filter Include="Source Files\Physics">
      <UniqueIdentifier>{1a7e8bdb-532a-454f-ad27-782183711a6e}</UniqueIdentifier>
    </Filter>
    <Filter Include="Header Files\Physics">
      <UniqueIdentifier>{9abbf805-7e68-4358-b4af-1e526129adbb}</UniqueIdentifier>
    </Filter>
    <Filter Include="Header Files\Sound Headers">
      <UniqueIdentifier>{6c2e8176-ec45-47f7-85fe-bc29e9877c0c}</UniqueIdentifier>
    </Filter>
  </ItemGroup>
</Project>